
Microsoft Visual Studio Solution File, Format Version 12.00
# Visual Studio 15
VisualStudioVersion = 15.0.28307.329
MinimumVisualStudioVersion = 10.0.40219.1
Project("{2150E333-8FDC-42A3-9474-1A3956D46DE8}") = "1 - Presentation", "1 - Presentation", "{5CB46264-3EF6-423B-B00C-8BC0C5DCC878}"
EndProject
Project("{2150E333-8FDC-42A3-9474-1A3956D46DE8}") = "2 - Application", "2 - Application", "{29EF4150-7A81-461C-8337-5DE730CDBE29}"
EndProject
Project("{2150E333-8FDC-42A3-9474-1A3956D46DE8}") = "3 - Domain", "3 - Domain", "{F3F321E0-45F8-47BC-8C46-E248150D855C}"
EndProject
Project("{2150E333-8FDC-42A3-9474-1A3956D46DE8}") = "4 - Infra", "4 - Infra", "{A16CE461-E543-4955-9D56-006029FEFF21}"
EndProject
Project("{2150E333-8FDC-42A3-9474-1A3956D46DE8}") = "Data", "Data", "{338A3302-42A2-4C6C-AABB-0129E5C290AF}"
EndProject
Project("{FAE04EC0-301F-11D3-BF4B-00C04F79EFBC}") = "Data", "4 - Infra\Data\Data.csproj", "{794A795A-B3FA-44E6-ADB4-EAE3580007A8}"
EndProject
Project("{FAE04EC0-301F-11D3-BF4B-00C04F79EFBC}") = "Domain", "3 - Domain\Domain.csproj", "{63D3C501-7AFC-43A7-852B-A10ED51348AE}"
EndProject
Project("{2150E333-8FDC-42A3-9474-1A3956D46DE8}") = "CrossCuting", "CrossCuting", "{F1894FC6-12DE-492B-9F1C-6A3DF00F8FC1}"
EndProject
Project("{FAE04EC0-301F-11D3-BF4B-00C04F79EFBC}") = "Helper", "4 - Infra\CrossCuting\Helper.csproj", "{A3BB340D-F873-4EA5-8956-38562D0F44C5}"
EndProject
Project("{FAE04EC0-301F-11D3-BF4B-00C04F79EFBC}") = "DependencyInjection", "4 - Infra\CrossCuting\InjecaoDeDependencias\DependencyInjection.csproj", "{E2D5F96F-8126-443A-A192-861113B3C730}"
EndProject
Project("{FAE04EC0-301F-11D3-BF4B-00C04F79EFBC}") = "Services", "2 - Application\Services\Services.csproj", "{FA299339-2B25-41F3-87D0-73BE3BCAC02B}"
EndProject
Project("{2150E333-8FDC-42A3-9474-1A3956D46DE8}") = "5 - Tests", "5 - Tests", "{85973A78-53CA-4B19-AEDB-111A490AD281}"
EndProject
Project("{FAE04EC0-301F-11D3-BF4B-00C04F79EFBC}") = "Tests", "5 - Tests\Tests\Tests.csproj", "{D4C436A6-FE07-458D-BFB0-21230DAC429C}"
EndProject
Project("{FAE04EC0-301F-11D3-BF4B-00C04F79EFBC}") = "LivrariaWeb", "1 - Presentation\LivrariaWeb\LivrariaWeb.csproj", "{FC7180BC-3613-4A45-A1F4-DCA0FF966088}"
EndProject
Global
	GlobalSection(SolutionConfigurationPlatforms) = preSolution
		Debug|Any CPU = Debug|Any CPU
		Release|Any CPU = Release|Any CPU
	EndGlobalSection
	GlobalSection(ProjectConfigurationPlatforms) = postSolution
		{794A795A-B3FA-44E6-ADB4-EAE3580007A8}.Debug|Any CPU.ActiveCfg = Debug|Any CPU
		{794A795A-B3FA-44E6-ADB4-EAE3580007A8}.Debug|Any CPU.Build.0 = Debug|Any CPU
		{794A795A-B3FA-44E6-ADB4-EAE3580007A8}.Release|Any CPU.ActiveCfg = Release|Any CPU
		{794A795A-B3FA-44E6-ADB4-EAE3580007A8}.Release|Any CPU.Build.0 = Release|Any CPU
		{63D3C501-7AFC-43A7-852B-A10ED51348AE}.Debug|Any CPU.ActiveCfg = Debug|Any CPU
		{63D3C501-7AFC-43A7-852B-A10ED51348AE}.Debug|Any CPU.Build.0 = Debug|Any CPU
		{63D3C501-7AFC-43A7-852B-A10ED51348AE}.Release|Any CPU.ActiveCfg = Release|Any CPU
		{63D3C501-7AFC-43A7-852B-A10ED51348AE}.Release|Any CPU.Build.0 = Release|Any CPU
		{A3BB340D-F873-4EA5-8956-38562D0F44C5}.Debug|Any CPU.ActiveCfg = Debug|Any CPU
		{A3BB340D-F873-4EA5-8956-38562D0F44C5}.Debug|Any CPU.Build.0 = Debug|Any CPU
		{A3BB340D-F873-4EA5-8956-38562D0F44C5}.Release|Any CPU.ActiveCfg = Release|Any CPU
		{A3BB340D-F873-4EA5-8956-38562D0F44C5}.Release|Any CPU.Build.0 = Release|Any CPU
		{E2D5F96F-8126-443A-A192-861113B3C730}.Debug|Any CPU.ActiveCfg = Debug|Any CPU
		{E2D5F96F-8126-443A-A192-861113B3C730}.Debug|Any CPU.Build.0 = Debug|Any CPU
		{E2D5F96F-8126-443A-A192-861113B3C730}.Release|Any CPU.ActiveCfg = Release|Any CPU
		{E2D5F96F-8126-443A-A192-861113B3C730}.Release|Any CPU.Build.0 = Release|Any CPU
		{FA299339-2B25-41F3-87D0-73BE3BCAC02B}.Debug|Any CPU.ActiveCfg = Debug|Any CPU
		{FA299339-2B25-41F3-87D0-73BE3BCAC02B}.Debug|Any CPU.Build.0 = Debug|Any CPU
		{FA299339-2B25-41F3-87D0-73BE3BCAC02B}.Release|Any CPU.ActiveCfg = Release|Any CPU
		{FA299339-2B25-41F3-87D0-73BE3BCAC02B}.Release|Any CPU.Build.0 = Release|Any CPU
		{D4C436A6-FE07-458D-BFB0-21230DAC429C}.Debug|Any CPU.ActiveCfg = Debug|Any CPU
		{D4C436A6-FE07-458D-BFB0-21230DAC429C}.Debug|Any CPU.Build.0 = Debug|Any CPU
		{D4C436A6-FE07-458D-BFB0-21230DAC429C}.Release|Any CPU.ActiveCfg = Release|Any CPU
		{D4C436A6-FE07-458D-BFB0-21230DAC429C}.Release|Any CPU.Build.0 = Release|Any CPU
		{FC7180BC-3613-4A45-A1F4-DCA0FF966088}.Debug|Any CPU.ActiveCfg = Debug|Any CPU
		{FC7180BC-3613-4A45-A1F4-DCA0FF966088}.Debug|Any CPU.Build.0 = Debug|Any CPU
		{FC7180BC-3613-4A45-A1F4-DCA0FF966088}.Release|Any CPU.ActiveCfg = Release|Any CPU
		{FC7180BC-3613-4A45-A1F4-DCA0FF966088}.Release|Any CPU.Build.0 = Release|Any CPU
	EndGlobalSection
	GlobalSection(SolutionProperties) = preSolution
		HideSolutionNode = FALSE
	EndGlobalSection
	GlobalSection(NestedProjects) = preSolution
		{338A3302-42A2-4C6C-AABB-0129E5C290AF} = {A16CE461-E543-4955-9D56-006029FEFF21}
		{794A795A-B3FA-44E6-ADB4-EAE3580007A8} = {338A3302-42A2-4C6C-AABB-0129E5C290AF}
		{63D3C501-7AFC-43A7-852B-A10ED51348AE} = {F3F321E0-45F8-47BC-8C46-E248150D855C}
		{F1894FC6-12DE-492B-9F1C-6A3DF00F8FC1} = {A16CE461-E543-4955-9D56-006029FEFF21}
		{A3BB340D-F873-4EA5-8956-38562D0F44C5} = {F1894FC6-12DE-492B-9F1C-6A3DF00F8FC1}
		{E2D5F96F-8126-443A-A192-861113B3C730} = {F1894FC6-12DE-492B-9F1C-6A3DF00F8FC1}
		{FA299339-2B25-41F3-87D0-73BE3BCAC02B} = {29EF4150-7A81-461C-8337-5DE730CDBE29}
		{D4C436A6-FE07-458D-BFB0-21230DAC429C} = {85973A78-53CA-4B19-AEDB-111A490AD281}
		{FC7180BC-3613-4A45-A1F4-DCA0FF966088} = {5CB46264-3EF6-423B-B00C-8BC0C5DCC878}
	EndGlobalSection
	GlobalSection(ExtensibilityGlobals) = postSolution
		SolutionGuid = {AA140FC4-B9D2-4CC4-A361-EC5FCD5B7E40}
		EnterpriseLibraryConfigurationToolBinariesPath = packages\Unity.2.1.505.2\lib\NET35
	EndGlobalSection
EndGlobal
